// !$*UTF8*$!
{
	archiveVersion = 1;
	classes = {
	};
	objectVersion = 56;
	objects = {

/* Begin PBXBuildFile section */
		BD28B6492A44C0B700A062D4 /* About_MeApp.swift in Sources */ = {isa = PBXBuildFile; fileRef = BD28B6482A44C0B700A062D4 /* About_MeApp.swift */; };
		BD28B64B2A44C0B700A062D4 /* ContentView.swift in Sources */ = {isa = PBXBuildFile; fileRef = BD28B64A2A44C0B700A062D4 /* ContentView.swift */; };
		BD28B64D2A44C0B700A062D4 /* Assets.xcassets in Resources */ = {isa = PBXBuildFile; fileRef = BD28B64C2A44C0B700A062D4 /* Assets.xcassets */; };
		BD28B6502A44C0B700A062D4 /* Preview Assets.xcassets in Resources */ = {isa = PBXBuildFile; fileRef = BD28B64F2A44C0B700A062D4 /* Preview Assets.xcassets */; };
		BD28B65A2A44C0B800A062D4 /* About_MeTests.swift in Sources */ = {isa = PBXBuildFile; fileRef = BD28B6592A44C0B800A062D4 /* About_MeTests.swift */; };
		BD28B6642A44C0B800A062D4 /* About_MeUITests.swift in Sources */ = {isa = PBXBuildFile; fileRef = BD28B6632A44C0B800A062D4 /* About_MeUITests.swift */; };
		BD28B6662A44C0B800A062D4 /* About_MeUITestsLaunchTests.swift in Sources */ = {isa = PBXBuildFile; fileRef = BD28B6652A44C0B800A062D4 /* About_MeUITestsLaunchTests.swift */; };
/* End PBXBuildFile section */

/* Begin PBXContainerItemProxy section */
		BD28B6562A44C0B800A062D4 /* PBXContainerItemProxy */ = {
			isa = PBXContainerItemProxy;
			containerPortal = BD28B63D2A44C0B600A062D4 /* Project object */;
			proxyType = 1;
			remoteGlobalIDString = BD28B6442A44C0B700A062D4;
			remoteInfo = "About Me";
		};
		BD28B6602A44C0B800A062D4 /* PBXContainerItemProxy */ = {
			isa = PBXContainerItemProxy;
			containerPortal = BD28B63D2A44C0B600A062D4 /* Project object */;
			proxyType = 1;
			remoteGlobalIDString = BD28B6442A44C0B700A062D4;
			remoteInfo = "About Me";
		};
/* End PBXContainerItemProxy section */

/* Begin PBXFileReference section */
		BD28B6452A44C0B700A062D4 /* About Me.app */ = {isa = PBXFileReference; explicitFileType = wrapper.application; includeInIndex = 0; path = "About Me.app"; sourceTree = BUILT_PRODUCTS_DIR; };
		BD28B6482A44C0B700A062D4 /* About_MeApp.swift */ = {isa = PBXFileReference; lastKnownFileType = sourcecode.swift; path = About_MeApp.swift; sourceTree = "<group>"; };
		BD28B64A2A44C0B700A062D4 /* ContentView.swift */ = {isa = PBXFileReference; lastKnownFileType = sourcecode.swift; path = ContentView.swift; sourceTree = "<group>"; };
		BD28B64C2A44C0B700A062D4 /* Assets.xcassets */ = {isa = PBXFileReference; lastKnownFileType = folder.assetcatalog; path = Assets.xcassets; sourceTree = "<group>"; };
		BD28B64F2A44C0B700A062D4 /* Preview Assets.xcassets */ = {isa = PBXFileReference; lastKnownFileType = folder.assetcatalog; path = "Preview Assets.xcassets"; sourceTree = "<group>"; };
		BD28B6552A44C0B800A062D4 /* About MeTests.xctest */ = {isa = PBXFileReference; explicitFileType = wrapper.cfbundle; includeInIndex = 0; path = "About MeTests.xctest"; sourceTree = BUILT_PRODUCTS_DIR; };
		BD28B6592A44C0B800A062D4 /* About_MeTests.swift */ = {isa = PBXFileReference; lastKnownFileType = sourcecode.swift; path = About_MeTests.swift; sourceTree = "<group>"; };
		BD28B65F2A44C0B800A062D4 /* About MeUITests.xctest */ = {isa = PBXFileReference; explicitFileType = wrapper.cfbundle; includeInIndex = 0; path = "About MeUITests.xctest"; sourceTree = BUILT_PRODUCTS_DIR; };
		BD28B6632A44C0B800A062D4 /* About_MeUITests.swift */ = {isa = PBXFileReference; lastKnownFileType = sourcecode.swift; path = About_MeUITests.swift; sourceTree = "<group>"; };
		BD28B6652A44C0B800A062D4 /* About_MeUITestsLaunchTests.swift */ = {isa = PBXFileReference; lastKnownFileType = sourcecode.swift; path = About_MeUITestsLaunchTests.swift; sourceTree = "<group>"; };
/* End PBXFileReference section */

/* Begin PBXFrameworksBuildPhase section */
		BD28B6422A44C0B700A062D4 /* Frameworks */ = {
			isa = PBXFrameworksBuildPhase;
			buildActionMask = 2147483647;
			files = (
			);
			runOnlyForDeploymentPostprocessing = 0;
		};
		BD28B6522A44C0B800A062D4 /* Frameworks */ = {
			isa = PBXFrameworksBuildPhase;
			buildActionMask = 2147483647;
			files = (
			);
			runOnlyForDeploymentPostprocessing = 0;
		};
		BD28B65C2A44C0B800A062D4 /* Frameworks */ = {
			isa = PBXFrameworksBuildPhase;
			buildActionMask = 2147483647;
			files = (
			);
			runOnlyForDeploymentPostprocessing = 0;
		};
/* End PBXFrameworksBuildPhase section */

/* Begin PBXGroup section */
		BD28B63C2A44C0B600A062D4 = {
			isa = PBXGroup;
			children = (
				BD28B6472A44C0B700A062D4 /* About Me */,
				BD28B6582A44C0B800A062D4 /* About MeTests */,
				BD28B6622A44C0B800A062D4 /* About MeUITests */,
				BD28B6462A44C0B700A062D4 /* Products */,
			);
			sourceTree = "<group>";
		};
		BD28B6462A44C0B700A062D4 /* Products */ = {
			isa = PBXGroup;
			children = (
				BD28B6452A44C0B700A062D4 /* About Me.app */,
				BD28B6552A44C0B800A062D4 /* About MeTests.xctest */,
				BD28B65F2A44C0B800A062D4 /* About MeUITests.xctest */,
			);
			name = Products;
			sourceTree = "<group>";
		};
		BD28B6472A44C0B700A062D4 /* About Me */ = {
			isa = PBXGroup;
			children = (
				BD28B6482A44C0B700A062D4 /* About_MeApp.swift */,
				BD28B64A2A44C0B700A062D4 /* ContentView.swift */,
				BD28B64C2A44C0B700A062D4 /* Assets.xcassets */,
				BD28B64E2A44C0B700A062D4 /* Preview Content */,
			);
			path = "About Me";
			sourceTree = "<group>";
		};
		BD28B64E2A44C0B700A062D4 /* Preview Content */ = {
			isa = PBXGroup;
			children = (
				BD28B64F2A44C0B700A062D4 /* Preview Assets.xcassets */,
			);
			path = "Preview Content";
			sourceTree = "<group>";
		};
		BD28B6582A44C0B800A062D4 /* About MeTests */ = {
			isa = PBXGroup;
			children = (
				BD28B6592A44C0B800A062D4 /* About_MeTests.swift */,
			);
			path = "About MeTests";
			sourceTree = "<group>";
		};
		BD28B6622A44C0B800A062D4 /* About MeUITests */ = {
			isa = PBXGroup;
			children = (
				BD28B6632A44C0B800A062D4 /* About_MeUITests.swift */,
				BD28B6652A44C0B800A062D4 /* About_MeUITestsLaunchTests.swift */,
			);
			path = "About MeUITests";
			sourceTree = "<group>";
		};
/* End PBXGroup section */

/* Begin PBXNativeTarget section */
		BD28B6442A44C0B700A062D4 /* About Me */ = {
			isa = PBXNativeTarget;
			buildConfigurationList = BD28B6692A44C0B800A062D4 /* Build configuration list for PBXNativeTarget "About Me" */;
			buildPhases = (
				BD28B6412A44C0B700A062D4 /* Sources */,
				BD28B6422A44C0B700A062D4 /* Frameworks */,
				BD28B6432A44C0B700A062D4 /* Resources */,
			);
			buildRules = (
			);
			dependencies = (
			);
			name = "About Me";
			productName = "About Me";
			productReference = BD28B6452A44C0B700A062D4 /* About Me.app */;
			productType = "com.apple.product-type.application";
		};
		BD28B6542A44C0B800A062D4 /* About MeTests */ = {
			isa = PBXNativeTarget;
			buildConfigurationList = BD28B66C2A44C0B800A062D4 /* Build configuration list for PBXNativeTarget "About MeTests" */;
			buildPhases = (
				BD28B6512A44C0B800A062D4 /* Sources */,
				BD28B6522A44C0B800A062D4 /* Frameworks */,
				BD28B6532A44C0B800A062D4 /* Resources */,
			);
			buildRules = (
			);
			dependencies = (
				BD28B6572A44C0B800A062D4 /* PBXTargetDependency */,
			);
			name = "About MeTests";
			productName = "About MeTests";
			productReference = BD28B6552A44C0B800A062D4 /* About MeTests.xctest */;
			productType = "com.apple.product-type.bundle.unit-test";
		};
		BD28B65E2A44C0B800A062D4 /* About MeUITests */ = {
			isa = PBXNativeTarget;
			buildConfigurationList = BD28B66F2A44C0B800A062D4 /* Build configuration list for PBXNativeTarget "About MeUITests" */;
			buildPhases = (
				BD28B65B2A44C0B800A062D4 /* Sources */,
				BD28B65C2A44C0B800A062D4 /* Frameworks */,
				BD28B65D2A44C0B800A062D4 /* Resources */,
			);
			buildRules = (
			);
			dependencies = (
				BD28B6612A44C0B800A062D4 /* PBXTargetDependency */,
			);
			name = "About MeUITests";
			productName = "About MeUITests";
			productReference = BD28B65F2A44C0B800A062D4 /* About MeUITests.xctest */;
			productType = "com.apple.product-type.bundle.ui-testing";
		};
/* End PBXNativeTarget section */

/* Begin PBXProject section */
		BD28B63D2A44C0B600A062D4 /* Project object */ = {
			isa = PBXProject;
			attributes = {
				BuildIndependentTargetsInParallel = 1;
				LastSwiftUpdateCheck = 1430;
				LastUpgradeCheck = 1430;
				TargetAttributes = {
					BD28B6442A44C0B700A062D4 = {
						CreatedOnToolsVersion = 14.3.1;
					};
					BD28B6542A44C0B800A062D4 = {
						CreatedOnToolsVersion = 14.3.1;
						TestTargetID = BD28B6442A44C0B700A062D4;
					};
					BD28B65E2A44C0B800A062D4 = {
						CreatedOnToolsVersion = 14.3.1;
						TestTargetID = BD28B6442A44C0B700A062D4;
					};
				};
			};
			buildConfigurationList = BD28B6402A44C0B600A062D4 /* Build configuration list for PBXProject "About Me" */;
			compatibilityVersion = "Xcode 14.0";
			developmentRegion = en;
			hasScannedForEncodings = 0;
			knownRegions = (
				en,
				Base,
			);
			mainGroup = BD28B63C2A44C0B600A062D4;
			productRefGroup = BD28B6462A44C0B700A062D4 /* Products */;
			projectDirPath = "";
			projectRoot = "";
			targets = (
				BD28B6442A44C0B700A062D4 /* About Me */,
				BD28B6542A44C0B800A062D4 /* About MeTests */,
				BD28B65E2A44C0B800A062D4 /* About MeUITests */,
			);
		};
/* End PBXProject section */

/* Begin PBXResourcesBuildPhase section */
		BD28B6432A44C0B700A062D4 /* Resources */ = {
			isa = PBXResourcesBuildPhase;
			buildActionMask = 2147483647;
			files = (
				BD28B6502A44C0B700A062D4 /* Preview Assets.xcassets in Resources */,
				BD28B64D2A44C0B700A062D4 /* Assets.xcassets in Resources */,
			);
			runOnlyForDeploymentPostprocessing = 0;
		};
		BD28B6532A44C0B800A062D4 /* Resources */ = {
			isa = PBXResourcesBuildPhase;
			buildActionMask = 2147483647;
			files = (
			);
			runOnlyForDeploymentPostprocessing = 0;
		};
		BD28B65D2A44C0B800A062D4 /* Resources */ = {
			isa = PBXResourcesBuildPhase;
			buildActionMask = 2147483647;
			files = (
			);
			runOnlyForDeploymentPostprocessing = 0;
		};
/* End PBXResourcesBuildPhase section */

/* Begin PBXSourcesBuildPhase section */
		BD28B6412A44C0B700A062D4 /* Sources */ = {
			isa = PBXSourcesBuildPhase;
			buildActionMask = 2147483647;
			files = (
				BD28B64B2A44C0B700A062D4 /* ContentView.swift in Sources */,
				BD28B6492A44C0B700A062D4 /* About_MeApp.swift in Sources */,
			);
			runOnlyForDeploymentPostprocessing = 0;
		};
		BD28B6512A44C0B800A062D4 /* Sources */ = {
			isa = PBXSourcesBuildPhase;
			buildActionMask = 2147483647;
			files = (
				BD28B65A2A44C0B800A062D4 /* About_MeTests.swift in Sources */,
			);
			runOnlyForDeploymentPostprocessing = 0;
		};
		BD28B65B2A44C0B800A062D4 /* Sources */ = {
			isa = PBXSourcesBuildPhase;
			buildActionMask = 2147483647;
			files = (
				BD28B6662A44C0B800A062D4 /* About_MeUITestsLaunchTests.swift in Sources */,
				BD28B6642A44C0B800A062D4 /* About_MeUITests.swift in Sources */,
			);
			runOnlyForDeploymentPostprocessing = 0;
		};
/* End PBXSourcesBuildPhase section */

/* Begin PBXTargetDependency section */
		BD28B6572A44C0B800A062D4 /* PBXTargetDependency */ = {
			isa = PBXTargetDependency;
			target = BD28B6442A44C0B700A062D4 /* About Me */;
			targetProxy = BD28B6562A44C0B800A062D4 /* PBXContainerItemProxy */;
		};
		BD28B6612A44C0B800A062D4 /* PBXTargetDependency */ = {
			isa = PBXTargetDependency;
			target = BD28B6442A44C0B700A062D4 /* About Me */;
			targetProxy = BD28B6602A44C0B800A062D4 /* PBXContainerItemProxy */;
		};
/* End PBXTargetDependency section */

/* Begin XCBuildConfiguration section */
		BD28B6672A44C0B800A062D4 /* Debug */ = {
			isa = XCBuildConfiguration;
			buildSettings = {
				ALWAYS_SEARCH_USER_PATHS = NO;
				CLANG_ANALYZER_NONNULL = YES;
				CLANG_ANALYZER_NUMBER_OBJECT_CONVERSION = YES_AGGRESSIVE;
				CLANG_CXX_LANGUAGE_STANDARD = "gnu++20";
				CLANG_ENABLE_MODULES = YES;
				CLANG_ENABLE_OBJC_ARC = YES;
				CLANG_ENABLE_OBJC_WEAK = YES;
				CLANG_WARN_BLOCK_CAPTURE_AUTORELEASING = YES;
				CLANG_WARN_BOOL_CONVERSION = YES;
				CLANG_WARN_COMMA = YES;
				CLANG_WARN_CONSTANT_CONVERSION = YES;
				CLANG_WARN_DEPRECATED_OBJC_IMPLEMENTATIONS = YES;
				CLANG_WARN_DIRECT_OBJC_ISA_USAGE = YES_ERROR;
				CLANG_WARN_DOCUMENTATION_COMMENTS = YES;
				CLANG_WARN_EMPTY_BODY = YES;
				CLANG_WARN_ENUM_CONVERSION = YES;
				CLANG_WARN_INFINITE_RECURSION = YES;
				CLANG_WARN_INT_CONVERSION = YES;
				CLANG_WARN_NON_LITERAL_NULL_CONVERSION = YES;
				CLANG_WARN_OBJC_IMPLICIT_RETAIN_SELF = YES;
				CLANG_WARN_OBJC_LITERAL_CONVERSION = YES;
				CLANG_WARN_OBJC_ROOT_CLASS = YES_ERROR;
				CLANG_WARN_QUOTED_INCLUDE_IN_FRAMEWORK_HEADER = YES;
				CLANG_WARN_RANGE_LOOP_ANALYSIS = YES;
				CLANG_WARN_STRICT_PROTOTYPES = YES;
				CLANG_WARN_SUSPICIOUS_MOVE = YES;
				CLANG_WARN_UNGUARDED_AVAILABILITY = YES_AGGRESSIVE;
				CLANG_WARN_UNREACHABLE_CODE = YES;
				CLANG_WARN__DUPLICATE_METHOD_MATCH = YES;
				COPY_PHASE_STRIP = NO;
				DEBUG_INFORMATION_FORMAT = dwarf;
				ENABLE_STRICT_OBJC_MSGSEND = YES;
				ENABLE_TESTABILITY = YES;
				GCC_C_LANGUAGE_STANDARD = gnu11;
				GCC_DYNAMIC_NO_PIC = NO;
				GCC_NO_COMMON_BLOCKS = YES;
				GCC_OPTIMIZATION_LEVEL = 0;
				GCC_PREPROCESSOR_DEFINITIONS = (
					"DEBUG=1",
					"$(inherited)",
				);
				GCC_WARN_64_TO_32_BIT_CONVERSION = YES;
				GCC_WARN_ABOUT_RETURN_TYPE = YES_ERROR;
				GCC_WARN_UNDECLARED_SELECTOR = YES;
				GCC_WARN_UNINITIALIZED_AUTOS = YES_AGGRESSIVE;
				GCC_WARN_UNUSED_FUNCTION = YES;
				GCC_WARN_UNUSED_VARIABLE = YES;
				IPHONEOS_DEPLOYMENT_TARGET = 16.4;
				MTL_ENABLE_DEBUG_INFO = INCLUDE_SOURCE;
				MTL_FAST_MATH = YES;
				ONLY_ACTIVE_ARCH = YES;
				SDKROOT = iphoneos;
				SWIFT_ACTIVE_COMPILATION_CONDITIONS = DEBUG;
				SWIFT_OPTIMIZATION_LEVEL = "-Onone";
			};
			name = Debug;
		};
		BD28B6682A44C0B800A062D4 /* Release */ = {
			isa = XCBuildConfiguration;
			buildSettings = {
				ALWAYS_SEARCH_USER_PATHS = NO;
				CLANG_ANALYZER_NONNULL = YES;
				CLANG_ANALYZER_NUMBER_OBJECT_CONVERSION = YES_AGGRESSIVE;
				CLANG_CXX_LANGUAGE_STANDARD = "gnu++20";
				CLANG_ENABLE_MODULES = YES;
				CLANG_ENABLE_OBJC_ARC = YES;
				CLANG_ENABLE_OBJC_WEAK = YES;
				CLANG_WARN_BLOCK_CAPTURE_AUTORELEASING = YES;
				CLANG_WARN_BOOL_CONVERSION = YES;
				CLANG_WARN_COMMA = YES;
				CLANG_WARN_CONSTANT_CONVERSION = YES;
				CLANG_WARN_DEPRECATED_OBJC_IMPLEMENTATIONS = YES;
				CLANG_WARN_DIRECT_OBJC_ISA_USAGE = YES_ERROR;
				CLANG_WARN_DOCUMENTATION_COMMENTS = YES;
				CLANG_WARN_EMPTY_BODY = YES;
				CLANG_WARN_ENUM_CONVERSION = YES;
				CLANG_WARN_INFINITE_RECURSION = YES;
				CLANG_WARN_INT_CONVERSION = YES;
				CLANG_WARN_NON_LITERAL_NULL_CONVERSION = YES;
				CLANG_WARN_OBJC_IMPLICIT_RETAIN_SELF = YES;
				CLANG_WARN_OBJC_LITERAL_CONVERSION = YES;
				CLANG_WARN_OBJC_ROOT_CLASS = YES_ERROR;
				CLANG_WARN_QUOTED_INCLUDE_IN_FRAMEWORK_HEADER = YES;
				CLANG_WARN_RANGE_LOOP_ANALYSIS = YES;
				CLANG_WARN_STRICT_PROTOTYPES = YES;
				CLANG_WARN_SUSPICIOUS_MOVE = YES;
				CLANG_WARN_UNGUARDED_AVAILABILITY = YES_AGGRESSIVE;
				CLANG_WARN_UNREACHABLE_CODE = YES;
				CLANG_WARN__DUPLICATE_METHOD_MATCH = YES;
				COPY_PHASE_STRIP = NO;
				DEBUG_INFORMATION_FORMAT = "dwarf-with-dsym";
				ENABLE_NS_ASSERTIONS = NO;
				ENABLE_STRICT_OBJC_MSGSEND = YES;
				GCC_C_LANGUAGE_STANDARD = gnu11;
				GCC_NO_COMMON_BLOCKS = YES;
				GCC_WARN_64_TO_32_BIT_CONVERSION = YES;
				GCC_WARN_ABOUT_RETURN_TYPE = YES_ERROR;
				GCC_WARN_UNDECLARED_SELECTOR = YES;
				GCC_WARN_UNINITIALIZED_AUTOS = YES_AGGRESSIVE;
				GCC_WARN_UNUSED_FUNCTION = YES;
				GCC_WARN_UNUSED_VARIABLE = YES;
				IPHONEOS_DEPLOYMENT_TARGET = 16.4;
				MTL_ENABLE_DEBUG_INFO = NO;
				MTL_FAST_MATH = YES;
				SDKROOT = iphoneos;
				SWIFT_COMPILATION_MODE = wholemodule;
				SWIFT_OPTIMIZATION_LEVEL = "-O";
				VALIDATE_PRODUCT = YES;
			};
			name = Release;
		};
		BD28B66A2A44C0B800A062D4 /* Debug */ = {
			isa = XCBuildConfiguration;
			buildSettings = {
				ASSETCATALOG_COMPILER_APPICON_NAME = AppIcon;
				ASSETCATALOG_COMPILER_GLOBAL_ACCENT_COLOR_NAME = AccentColor;
				CODE_SIGN_STYLE = Automatic;
				CURRENT_PROJECT_VERSION = 1;
				DEVELOPMENT_ASSET_PATHS = "\"About Me/Preview Content\"";
				ENABLE_PREVIEWS = YES;
				GENERATE_INFOPLIST_FILE = YES;
				INFOPLIST_KEY_UIApplicationSceneManifest_Generation = YES;
				INFOPLIST_KEY_UIApplicationSupportsIndirectInputEvents = YES;
				INFOPLIST_KEY_UILaunchScreen_Generation = YES;
				INFOPLIST_KEY_UISupportedInterfaceOrientations_iPad = "UIInterfaceOrientationPortrait UIInterfaceOrientationPortraitUpsideDown UIInterfaceOrientationLandscapeLeft UIInterfaceOrientationLandscapeRight";
				INFOPLIST_KEY_UISupportedInterfaceOrientations_iPhone = "UIInterfaceOrientationPortrait UIInterfaceOrientationLandscapeLeft UIInterfaceOrientationLandscapeRight";
				LD_RUNPATH_SEARCH_PATHS = (
					"$(inherited)",
					"@executable_path/Frameworks",
				);
				MARKETING_VERSION = 1.0;
				PRODUCT_BUNDLE_IDENTIFIER = "KWK.About-Me";
				PRODUCT_NAME = "$(TARGET_NAME)";
				SWIFT_EMIT_LOC_STRINGS = YES;
				SWIFT_VERSION = 5.0;
				TARGETED_DEVICE_FAMILY = "1,2";
			};
			name = Debug;
		};
		BD28B66B2A44C0B800A062D4 /* Release */ = {
			isa = XCBuildConfiguration;
			buildSettings = {
				ASSETCATALOG_COMPILER_APPICON_NAME = AppIcon;
				ASSETCATALOG_COMPILER_GLOBAL_ACCENT_COLOR_NAME = AccentColor;
				CODE_SIGN_STYLE = Automatic;
				CURRENT_PROJECT_VERSION = 1;
				DEVELOPMENT_ASSET_PATHS = "\"About Me/Preview Content\"";
				ENABLE_PREVIEWS = YES;
				GENERATE_INFOPLIST_FILE = YES;
				INFOPLIST_KEY_UIApplicationSceneManifest_Generation = YES;
				INFOPLIST_KEY_UIApplicationSupportsIndirectInputEvents = YES;
				INFOPLIST_KEY_UILaunchScreen_Generation = YES;
				INFOPLIST_KEY_UISupportedInterfaceOrientations_iPad = "UIInterfaceOrientationPortrait UIInterfaceOrientationPortraitUpsideDown UIInterfaceOrientationLandscapeLeft UIInterfaceOrientationLandscapeRight";
				INFOPLIST_KEY_UISupportedInterfaceOrientations_iPhone = "UIInterfaceOrientationPortrait UIInterfaceOrientationLandscapeLeft UIInterfaceOrientationLandscapeRight";
				LD_RUNPATH_SEARCH_PATHS = (
					"$(inherited)",
					"@executable_path/Frameworks",
				);
				MARKETING_VERSION = 1.0;
				PRODUCT_BUNDLE_IDENTIFIER = "KWK.About-Me";
				PRODUCT_NAME = "$(TARGET_NAME)";
				SWIFT_EMIT_LOC_STRINGS = YES;
				SWIFT_VERSION = 5.0;
				TARGETED_DEVICE_FAMILY = "1,2";
			};
			name = Release;
		};
		BD28B66D2A44C0B800A062D4 /* Debug */ = {
			isa = XCBuildConfiguration;
			buildSettings = {
				ALWAYS_EMBED_SWIFT_STANDARD_LIBRARIES = YES;
				BUNDLE_LOADER = "$(TEST_HOST)";
				CODE_SIGN_STYLE = Automatic;
				CURRENT_PROJECT_VERSION = 1;
				GENERATE_INFOPLIST_FILE = YES;
				IPHONEOS_DEPLOYMENT_TARGET = 16.4;
				MARKETING_VERSION = 1.0;
				PRODUCT_BUNDLE_IDENTIFIER = "KWK.About-MeTests";
				PRODUCT_NAME = "$(TARGET_NAME)";
				SWIFT_EMIT_LOC_STRINGS = NO;
				SWIFT_VERSION = 5.0;
				TARGETED_DEVICE_FAMILY = "1,2";
				TEST_HOST = "$(BUILT_PRODUCTS_DIR)/About Me.app/$(BUNDLE_EXECUTABLE_FOLDER_PATH)/About Me";
			};
			name = Debug;
		};
		BD28B66E2A44C0B800A062D4 /* Release */ = {
			isa = XCBuildConfiguration;
			buildSettings = {
				ALWAYS_EMBED_SWIFT_STANDARD_LIBRARIES = YES;
				BUNDLE_LOADER = "$(TEST_HOST)";
				CODE_SIGN_STYLE = Automatic;
				CURRENT_PROJECT_VERSION = 1;
				GENERATE_INFOPLIST_FILE = YES;
				IPHONEOS_DEPLOYMENT_TARGET = 16.4;
				MARKETING_VERSION = 1.0;
				PRODUCT_BUNDLE_IDENTIFIER = "KWK.About-MeTests";
				PRODUCT_NAME = "$(TARGET_NAME)";
				SWIFT_EMIT_LOC_STRINGS = NO;
				SWIFT_VERSION = 5.0;
				TARGETED_DEVICE_FAMILY = "1,2";
				TEST_HOST = "$(BUILT_PRODUCTS_DIR)/About Me.app/$(BUNDLE_EXECUTABLE_FOLDER_PATH)/About Me";
			};
			name = Release;
		};
		BD28B6702A44C0B800A062D4 /* Debug */ = {
			isa = XCBuildConfiguration;
			buildSettings = {
				ALWAYS_EMBED_SWIFT_STANDARD_LIBRARIES = YES;
				CODE_SIGN_STYLE = Automatic;
				CURRENT_PROJECT_VERSION = 1;
				GENERATE_INFOPLIST_FILE = YES;
				MARKETING_VERSION = 1.0;
				PRODUCT_BUNDLE_IDENTIFIER = "KWK.About-MeUITests";
				PRODUCT_NAME = "$(TARGET_NAME)";
				SWIFT_EMIT_LOC_STRINGS = NO;
				SWIFT_VERSION = 5.0;
				TARGETED_DEVICE_FAMILY = "1,2";
				TEST_TARGET_NAME = "About Me";
			};
			name = Debug;
		};
		BD28B6712A44C0B800A062D4 /* Release */ = {
			isa = XCBuildConfiguration;
			buildSettings = {
				ALWAYS_EMBED_SWIFT_STANDARD_LIBRARIES = YES;
				CODE_SIGN_STYLE = Automatic;
				CURRENT_PROJECT_VERSION = 1;
				GENERATE_INFOPLIST_FILE = YES;
				MARKETING_VERSION = 1.0;
				PRODUCT_BUNDLE_IDENTIFIER = "KWK.About-MeUITests";
				PRODUCT_NAME = "$(TARGET_NAME)";
				SWIFT_EMIT_LOC_STRINGS = NO;
				SWIFT_VERSION = 5.0;
				TARGETED_DEVICE_FAMILY = "1,2";
				TEST_TARGET_NAME = "About Me";
			};
			name = Release;
		};
/* End XCBuildConfiguration section */

/* Begin XCConfigurationList section */
		BD28B6402A44C0B600A062D4 /* Build configuration list for PBXProject "About Me" */ = {
			isa = XCConfigurationList;
			buildConfigurations = (
				BD28B6672A44C0B800A062D4 /* Debug */,
				BD28B6682A44C0B800A062D4 /* Release */,
			);
			defaultConfigurationIsVisible = 0;
			defaultConfigurationName = Release;
		};
		BD28B6692A44C0B800A062D4 /* Build configuration list for PBXNativeTarget "About Me" */ = {
			isa = XCConfigurationList;
			buildConfigurations = (
				BD28B66A2A44C0B800A062D4 /* Debug */,
				BD28B66B2A44C0B800A062D4 /* Release */,
			);
			defaultConfigurationIsVisible = 0;
			defaultConfigurationName = Release;
		};
		BD28B66C2A44C0B800A062D4 /* Build configuration list for PBXNativeTarget "About MeTests" */ = {
			isa = XCConfigurationList;
			buildConfigurations = (
				BD28B66D2A44C0B800A062D4 /* Debug */,
				BD28B66E2A44C0B800A062D4 /* Release */,
			);
			defaultConfigurationIsVisible = 0;
			defaultConfigurationName = Release;
		};
		BD28B66F2A44C0B800A062D4 /* Build configuration list for PBXNativeTarget "About MeUITests" */ = {
			isa = XCConfigurationList;
			buildConfigurations = (
				BD28B6702A44C0B800A062D4 /* Debug */,
				BD28B6712A44C0B800A062D4 /* Release */,
			);
			defaultConfigurationIsVisible = 0;
			defaultConfigurationName = Release;
		};
/* End XCConfigurationList section */
	};
	rootObject = BD28B63D2A44C0B600A062D4 /* Project object */;
}
